
Microsoft Visual Studio Solution File, Format Version 12.00
# Visual Studio Version 17
VisualStudioVersion = 17.13.35806.99
MinimumVisualStudioVersion = 10.0.40219.1
Project("{2150E333-8FDC-42A3-9474-1A3956D46DE8}") = "src", "src", "{02EA681E-C7D8-13C7-8484-4AC65E1B71E8}"
EndProject
Project("{2150E333-8FDC-42A3-9474-1A3956D46DE8}") = "Services", "Services", "{A9890376-72B5-4C5E-9865-703CA70D6192}"
EndProject
Project("{2150E333-8FDC-42A3-9474-1A3956D46DE8}") = "Register", "Register", "{228B166E-1661-4E55-9626-55C780A5DC2C}"
EndProject
Project("{2150E333-8FDC-42A3-9474-1A3956D46DE8}") = "SharedKernel", "SharedKernel", "{FB366E88-638D-4D1A-BBE8-FA55C5C046DB}"
EndProject
Project("{2150E333-8FDC-42A3-9474-1A3956D46DE8}") = "Catalog", "Catalog", "{1C8D33ED-D773-4838-8C78-B1757D0FD501}"
EndProject
Project("{2150E333-8FDC-42A3-9474-1A3956D46DE8}") = "Invoices", "Invoices", "{BD1941AA-9ECB-4917-AB62-7DBE616B0D26}"
EndProject
Project("{2150E333-8FDC-42A3-9474-1A3956D46DE8}") = "Payments", "Payments", "{8E5C26BA-97D8-4EC8-B462-A2362B0B2EA7}"
EndProject
Project("{2150E333-8FDC-42A3-9474-1A3956D46DE8}") = "Sales", "Sales", "{34392A04-BDFF-4869-998B-BD17E8EA1E23}"
EndProject
Project("{FAE04EC0-301F-11D3-BF4B-00C04F79EFBC}") = "SalesSystem.Catalog.Domain", "src\Services\Catalog\SalesSystem.Catalog.Domain\SalesSystem.Catalog.Domain.csproj", "{50E54503-6D85-41D3-AB77-336BF5990A00}"
EndProject
Project("{FAE04EC0-301F-11D3-BF4B-00C04F79EFBC}") = "SalesSystem.SharedKernel", "src\Services\SharedKernel\SalesSystem.SharedKernel\SalesSystem.SharedKernel.csproj", "{A1B783FC-4066-4911-AA0B-D206535C72E2}"
EndProject
Project("{2150E333-8FDC-42A3-9474-1A3956D46DE8}") = "BuildingBlocks", "BuildingBlocks", "{387F47E5-1497-4AA1-B7B0-625975D8E9F3}"
EndProject
Project("{FAE04EC0-301F-11D3-BF4B-00C04F79EFBC}") = "SalesSystem.EventSourcing", "src\BuildingBlocks\SalesSystem.EventSourcing\SalesSystem.EventSourcing.csproj", "{ABB04FBA-2F49-4AD4-B26D-8C6313B9AE39}"
EndProject
Project("{2150E333-8FDC-42A3-9474-1A3956D46DE8}") = "Web", "Web", "{E88F6BC1-46CB-48B4-A101-02C8211BE4C0}"
EndProject
Project("{FAE04EC0-301F-11D3-BF4B-00C04F79EFBC}") = "SalesSystem.API", "src\Web\SalesSystem.API\SalesSystem.API.csproj", "{37775704-8FA7-45A9-9F9B-2A2DB200C099}"
EndProject
Project("{FAE04EC0-301F-11D3-BF4B-00C04F79EFBC}") = "SalesSystem.Sales.Infrastructure", "src\Services\Sales\SalesSystem.Sales.Infrastructure\SalesSystem.Sales.Infrastructure.csproj", "{9FDDE2FD-C007-45BD-B788-5012E4032B58}"
EndProject
Project("{FAE04EC0-301F-11D3-BF4B-00C04F79EFBC}") = "SalesSystem.Sales.Domain", "src\Services\Sales\SalesSystem.Sales.Domain\SalesSystem.Sales.Domain.csproj", "{394248AE-FCB6-41B0-900F-EBA285264201}"
EndProject
Project("{FAE04EC0-301F-11D3-BF4B-00C04F79EFBC}") = "SalesSystem.Sales.Application", "src\Services\Sales\SalesSystem.Sales.Application\SalesSystem.Sales.Application.csproj", "{215581A8-D5CC-4FDA-81D1-D31171C90C42}"
EndProject
Project("{FAE04EC0-301F-11D3-BF4B-00C04F79EFBC}") = "SalesSystem.Payments.Business", "src\Services\Payments\SalesSystem.Payments.Business\SalesSystem.Payments.Business.csproj", "{95E9F29C-3BB0-4778-9180-00C8C5A3DE56}"
EndProject
Project("{FAE04EC0-301F-11D3-BF4B-00C04F79EFBC}") = "SalesSystem.Payments.ACL", "src\Services\Payments\SalesSystem.Payments.ACL\SalesSystem.Payments.ACL.csproj", "{ACAD9673-E1E7-4550-B208-3394F1B4215D}"
EndProject
Project("{FAE04EC0-301F-11D3-BF4B-00C04F79EFBC}") = "SalesSystem.Payments.Infrastructure", "src\Services\Payments\SalesSystem.Payments.Infrastructure\SalesSystem.Payments.Infrastructure.csproj", "{AEAFAEC0-F795-4CE2-B9F3-3B78C53673C4}"
EndProject
Project("{FAE04EC0-301F-11D3-BF4B-00C04F79EFBC}") = "SalesSystem.Catalog.Infrastructure", "src\Services\Catalog\SalesSystem.Catalog.Infrastructure\SalesSystem.Catalog.Infrastructure.csproj", "{D652E5A8-5B2F-4AE3-A41C-6878D8622EA5}"
EndProject
Project("{FAE04EC0-301F-11D3-BF4B-00C04F79EFBC}") = "SalesSystem.Catalog.Application", "src\Services\Catalog\SalesSystem.Catalog.Application\SalesSystem.Catalog.Application.csproj", "{7ADD1B93-4B60-4D0A-B14E-63B7B7184E2B}"
EndProject
Project("{FAE04EC0-301F-11D3-BF4B-00C04F79EFBC}") = "SalesSystem.Invoices.Infrastructure", "src\Services\Invoices\SalesSystem.Invoices.Infrastructure\SalesSystem.Invoices.Infrastructure.csproj", "{01F041C9-5986-4D70-8E74-E3E3A68A43F9}"
EndProject
Project("{FAE04EC0-301F-11D3-BF4B-00C04F79EFBC}") = "SalesSystem.Invoices.Domain", "src\Services\Invoices\SalesSystem.Invoices.Domain\SalesSystem.Invoices.Domain.csproj", "{8B45623E-9228-41FE-8537-FC4FD22B6B94}"
EndProject
Project("{FAE04EC0-301F-11D3-BF4B-00C04F79EFBC}") = "SalesSystem.Invoices.Application", "src\Services\Invoices\SalesSystem.Invoices.Application\SalesSystem.Invoices.Application.csproj", "{3E6AE66B-A1B4-42E2-9A97-76A21C936DC5}"
EndProject
Project("{FAE04EC0-301F-11D3-BF4B-00C04F79EFBC}") = "SalesSystem.Register.Domain", "src\Services\Register\SalesSystem.Register.Domain\SalesSystem.Register.Domain.csproj", "{D40915D1-B736-494E-8007-EAE0FE9E2AAA}"
EndProject
Project("{FAE04EC0-301F-11D3-BF4B-00C04F79EFBC}") = "SalesSystem.Register.Infrastructure", "src\Services\Register\SalesSystem.Register.Infrastructure\SalesSystem.Register.Infrastructure.csproj", "{AFC73F4F-7220-470C-A457-FC8B94BDCDE1}"
EndProject
Project("{FAE04EC0-301F-11D3-BF4B-00C04F79EFBC}") = "SalesSystem.Register.Application", "src\Services\Register\SalesSystem.Register.Application\SalesSystem.Register.Application.csproj", "{92F5158F-9BF3-402C-925B-64D78BC49124}"
EndProject
Project("{2150E333-8FDC-42A3-9474-1A3956D46DE8}") = "Tests", "Tests", "{E4840EB5-8364-43F6-8CF0-A62A29E54BF3}"
EndProject
Project("{2150E333-8FDC-42A3-9474-1A3956D46DE8}") = "Catalog", "Catalog", "{68DA8430-A6FE-43E9-9615-46514B8CB454}"
EndProject
Project("{2150E333-8FDC-42A3-9474-1A3956D46DE8}") = "UnitTests", "UnitTests", "{10F4B41C-0295-4BC3-8F92-71AA96C620B3}"
EndProject
Project("{FAE04EC0-301F-11D3-BF4B-00C04F79EFBC}") = "SalesSystem.Catalog.Domain.Tests", "tests\UnitTests\Catalog\SalesSystem.Catalog.Domain.Tests\SalesSystem.Catalog.Domain.Tests.csproj", "{9E912EA0-8586-43DD-A229-7F52DEC4B504}"
EndProject
Global
	GlobalSection(SolutionConfigurationPlatforms) = preSolution
		Debug|Any CPU = Debug|Any CPU
		Release|Any CPU = Release|Any CPU
	EndGlobalSection
	GlobalSection(ProjectConfigurationPlatforms) = postSolution
		{50E54503-6D85-41D3-AB77-336BF5990A00}.Debug|Any CPU.ActiveCfg = Debug|Any CPU
		{50E54503-6D85-41D3-AB77-336BF5990A00}.Debug|Any CPU.Build.0 = Debug|Any CPU
		{50E54503-6D85-41D3-AB77-336BF5990A00}.Release|Any CPU.ActiveCfg = Release|Any CPU
		{50E54503-6D85-41D3-AB77-336BF5990A00}.Release|Any CPU.Build.0 = Release|Any CPU
		{A1B783FC-4066-4911-AA0B-D206535C72E2}.Debug|Any CPU.ActiveCfg = Debug|Any CPU
		{A1B783FC-4066-4911-AA0B-D206535C72E2}.Debug|Any CPU.Build.0 = Debug|Any CPU
		{A1B783FC-4066-4911-AA0B-D206535C72E2}.Release|Any CPU.ActiveCfg = Release|Any CPU
		{A1B783FC-4066-4911-AA0B-D206535C72E2}.Release|Any CPU.Build.0 = Release|Any CPU
		{ABB04FBA-2F49-4AD4-B26D-8C6313B9AE39}.Debug|Any CPU.ActiveCfg = Debug|Any CPU
		{ABB04FBA-2F49-4AD4-B26D-8C6313B9AE39}.Debug|Any CPU.Build.0 = Debug|Any CPU
		{ABB04FBA-2F49-4AD4-B26D-8C6313B9AE39}.Release|Any CPU.ActiveCfg = Release|Any CPU
		{ABB04FBA-2F49-4AD4-B26D-8C6313B9AE39}.Release|Any CPU.Build.0 = Release|Any CPU
		{37775704-8FA7-45A9-9F9B-2A2DB200C099}.Debug|Any CPU.ActiveCfg = Debug|Any CPU
		{37775704-8FA7-45A9-9F9B-2A2DB200C099}.Debug|Any CPU.Build.0 = Debug|Any CPU
		{37775704-8FA7-45A9-9F9B-2A2DB200C099}.Release|Any CPU.ActiveCfg = Release|Any CPU
		{37775704-8FA7-45A9-9F9B-2A2DB200C099}.Release|Any CPU.Build.0 = Release|Any CPU
		{9FDDE2FD-C007-45BD-B788-5012E4032B58}.Debug|Any CPU.ActiveCfg = Debug|Any CPU
		{9FDDE2FD-C007-45BD-B788-5012E4032B58}.Debug|Any CPU.Build.0 = Debug|Any CPU
		{9FDDE2FD-C007-45BD-B788-5012E4032B58}.Release|Any CPU.ActiveCfg = Release|Any CPU
		{9FDDE2FD-C007-45BD-B788-5012E4032B58}.Release|Any CPU.Build.0 = Release|Any CPU
		{394248AE-FCB6-41B0-900F-EBA285264201}.Debug|Any CPU.ActiveCfg = Debug|Any CPU
		{394248AE-FCB6-41B0-900F-EBA285264201}.Debug|Any CPU.Build.0 = Debug|Any CPU
		{394248AE-FCB6-41B0-900F-EBA285264201}.Release|Any CPU.ActiveCfg = Release|Any CPU
		{394248AE-FCB6-41B0-900F-EBA285264201}.Release|Any CPU.Build.0 = Release|Any CPU
		{215581A8-D5CC-4FDA-81D1-D31171C90C42}.Debug|Any CPU.ActiveCfg = Debug|Any CPU
		{215581A8-D5CC-4FDA-81D1-D31171C90C42}.Debug|Any CPU.Build.0 = Debug|Any CPU
		{215581A8-D5CC-4FDA-81D1-D31171C90C42}.Release|Any CPU.ActiveCfg = Release|Any CPU
		{215581A8-D5CC-4FDA-81D1-D31171C90C42}.Release|Any CPU.Build.0 = Release|Any CPU
		{95E9F29C-3BB0-4778-9180-00C8C5A3DE56}.Debug|Any CPU.ActiveCfg = Debug|Any CPU
		{95E9F29C-3BB0-4778-9180-00C8C5A3DE56}.Debug|Any CPU.Build.0 = Debug|Any CPU
		{95E9F29C-3BB0-4778-9180-00C8C5A3DE56}.Release|Any CPU.ActiveCfg = Release|Any CPU
		{95E9F29C-3BB0-4778-9180-00C8C5A3DE56}.Release|Any CPU.Build.0 = Release|Any CPU
		{ACAD9673-E1E7-4550-B208-3394F1B4215D}.Debug|Any CPU.ActiveCfg = Debug|Any CPU
		{ACAD9673-E1E7-4550-B208-3394F1B4215D}.Debug|Any CPU.Build.0 = Debug|Any CPU
		{ACAD9673-E1E7-4550-B208-3394F1B4215D}.Release|Any CPU.ActiveCfg = Release|Any CPU
		{ACAD9673-E1E7-4550-B208-3394F1B4215D}.Release|Any CPU.Build.0 = Release|Any CPU
		{AEAFAEC0-F795-4CE2-B9F3-3B78C53673C4}.Debug|Any CPU.ActiveCfg = Debug|Any CPU
		{AEAFAEC0-F795-4CE2-B9F3-3B78C53673C4}.Debug|Any CPU.Build.0 = Debug|Any CPU
		{AEAFAEC0-F795-4CE2-B9F3-3B78C53673C4}.Release|Any CPU.ActiveCfg = Release|Any CPU
		{AEAFAEC0-F795-4CE2-B9F3-3B78C53673C4}.Release|Any CPU.Build.0 = Release|Any CPU
		{D652E5A8-5B2F-4AE3-A41C-6878D8622EA5}.Debug|Any CPU.ActiveCfg = Debug|Any CPU
		{D652E5A8-5B2F-4AE3-A41C-6878D8622EA5}.Debug|Any CPU.Build.0 = Debug|Any CPU
		{D652E5A8-5B2F-4AE3-A41C-6878D8622EA5}.Release|Any CPU.ActiveCfg = Release|Any CPU
		{D652E5A8-5B2F-4AE3-A41C-6878D8622EA5}.Release|Any CPU.Build.0 = Release|Any CPU
		{7ADD1B93-4B60-4D0A-B14E-63B7B7184E2B}.Debug|Any CPU.ActiveCfg = Debug|Any CPU
		{7ADD1B93-4B60-4D0A-B14E-63B7B7184E2B}.Debug|Any CPU.Build.0 = Debug|Any CPU
		{7ADD1B93-4B60-4D0A-B14E-63B7B7184E2B}.Release|Any CPU.ActiveCfg = Release|Any CPU
		{7ADD1B93-4B60-4D0A-B14E-63B7B7184E2B}.Release|Any CPU.Build.0 = Release|Any CPU
		{01F041C9-5986-4D70-8E74-E3E3A68A43F9}.Debug|Any CPU.ActiveCfg = Debug|Any CPU
		{01F041C9-5986-4D70-8E74-E3E3A68A43F9}.Debug|Any CPU.Build.0 = Debug|Any CPU
		{01F041C9-5986-4D70-8E74-E3E3A68A43F9}.Release|Any CPU.ActiveCfg = Release|Any CPU
		{01F041C9-5986-4D70-8E74-E3E3A68A43F9}.Release|Any CPU.Build.0 = Release|Any CPU
		{8B45623E-9228-41FE-8537-FC4FD22B6B94}.Debug|Any CPU.ActiveCfg = Debug|Any CPU
		{8B45623E-9228-41FE-8537-FC4FD22B6B94}.Debug|Any CPU.Build.0 = Debug|Any CPU
		{8B45623E-9228-41FE-8537-FC4FD22B6B94}.Release|Any CPU.ActiveCfg = Release|Any CPU
		{8B45623E-9228-41FE-8537-FC4FD22B6B94}.Release|Any CPU.Build.0 = Release|Any CPU
		{3E6AE66B-A1B4-42E2-9A97-76A21C936DC5}.Debug|Any CPU.ActiveCfg = Debug|Any CPU
		{3E6AE66B-A1B4-42E2-9A97-76A21C936DC5}.Debug|Any CPU.Build.0 = Debug|Any CPU
		{3E6AE66B-A1B4-42E2-9A97-76A21C936DC5}.Release|Any CPU.ActiveCfg = Release|Any CPU
		{3E6AE66B-A1B4-42E2-9A97-76A21C936DC5}.Release|Any CPU.Build.0 = Release|Any CPU
		{D40915D1-B736-494E-8007-EAE0FE9E2AAA}.Debug|Any CPU.ActiveCfg = Debug|Any CPU
		{D40915D1-B736-494E-8007-EAE0FE9E2AAA}.Debug|Any CPU.Build.0 = Debug|Any CPU
		{D40915D1-B736-494E-8007-EAE0FE9E2AAA}.Release|Any CPU.ActiveCfg = Release|Any CPU
		{D40915D1-B736-494E-8007-EAE0FE9E2AAA}.Release|Any CPU.Build.0 = Release|Any CPU
		{AFC73F4F-7220-470C-A457-FC8B94BDCDE1}.Debug|Any CPU.ActiveCfg = Debug|Any CPU
		{AFC73F4F-7220-470C-A457-FC8B94BDCDE1}.Debug|Any CPU.Build.0 = Debug|Any CPU
		{AFC73F4F-7220-470C-A457-FC8B94BDCDE1}.Release|Any CPU.ActiveCfg = Release|Any CPU
		{AFC73F4F-7220-470C-A457-FC8B94BDCDE1}.Release|Any CPU.Build.0 = Release|Any CPU
		{92F5158F-9BF3-402C-925B-64D78BC49124}.Debug|Any CPU.ActiveCfg = Debug|Any CPU
		{92F5158F-9BF3-402C-925B-64D78BC49124}.Debug|Any CPU.Build.0 = Debug|Any CPU
		{92F5158F-9BF3-402C-925B-64D78BC49124}.Release|Any CPU.ActiveCfg = Release|Any CPU
		{92F5158F-9BF3-402C-925B-64D78BC49124}.Release|Any CPU.Build.0 = Release|Any CPU
		{9E912EA0-8586-43DD-A229-7F52DEC4B504}.Debug|Any CPU.ActiveCfg = Debug|Any CPU
		{9E912EA0-8586-43DD-A229-7F52DEC4B504}.Debug|Any CPU.Build.0 = Debug|Any CPU
		{9E912EA0-8586-43DD-A229-7F52DEC4B504}.Release|Any CPU.ActiveCfg = Release|Any CPU
		{9E912EA0-8586-43DD-A229-7F52DEC4B504}.Release|Any CPU.Build.0 = Release|Any CPU
	EndGlobalSection
	GlobalSection(SolutionProperties) = preSolution
		HideSolutionNode = FALSE
	EndGlobalSection
	GlobalSection(NestedProjects) = preSolution
		{A9890376-72B5-4C5E-9865-703CA70D6192} = {02EA681E-C7D8-13C7-8484-4AC65E1B71E8}
		{228B166E-1661-4E55-9626-55C780A5DC2C} = {A9890376-72B5-4C5E-9865-703CA70D6192}
		{FB366E88-638D-4D1A-BBE8-FA55C5C046DB} = {A9890376-72B5-4C5E-9865-703CA70D6192}
		{1C8D33ED-D773-4838-8C78-B1757D0FD501} = {A9890376-72B5-4C5E-9865-703CA70D6192}
		{BD1941AA-9ECB-4917-AB62-7DBE616B0D26} = {A9890376-72B5-4C5E-9865-703CA70D6192}
		{8E5C26BA-97D8-4EC8-B462-A2362B0B2EA7} = {A9890376-72B5-4C5E-9865-703CA70D6192}
		{34392A04-BDFF-4869-998B-BD17E8EA1E23} = {A9890376-72B5-4C5E-9865-703CA70D6192}
		{50E54503-6D85-41D3-AB77-336BF5990A00} = {1C8D33ED-D773-4838-8C78-B1757D0FD501}
		{A1B783FC-4066-4911-AA0B-D206535C72E2} = {FB366E88-638D-4D1A-BBE8-FA55C5C046DB}
		{387F47E5-1497-4AA1-B7B0-625975D8E9F3} = {02EA681E-C7D8-13C7-8484-4AC65E1B71E8}
		{ABB04FBA-2F49-4AD4-B26D-8C6313B9AE39} = {387F47E5-1497-4AA1-B7B0-625975D8E9F3}
		{E88F6BC1-46CB-48B4-A101-02C8211BE4C0} = {02EA681E-C7D8-13C7-8484-4AC65E1B71E8}
		{37775704-8FA7-45A9-9F9B-2A2DB200C099} = {E88F6BC1-46CB-48B4-A101-02C8211BE4C0}
		{9FDDE2FD-C007-45BD-B788-5012E4032B58} = {34392A04-BDFF-4869-998B-BD17E8EA1E23}
		{394248AE-FCB6-41B0-900F-EBA285264201} = {34392A04-BDFF-4869-998B-BD17E8EA1E23}
		{215581A8-D5CC-4FDA-81D1-D31171C90C42} = {34392A04-BDFF-4869-998B-BD17E8EA1E23}
		{95E9F29C-3BB0-4778-9180-00C8C5A3DE56} = {8E5C26BA-97D8-4EC8-B462-A2362B0B2EA7}
		{ACAD9673-E1E7-4550-B208-3394F1B4215D} = {8E5C26BA-97D8-4EC8-B462-A2362B0B2EA7}
		{AEAFAEC0-F795-4CE2-B9F3-3B78C53673C4} = {8E5C26BA-97D8-4EC8-B462-A2362B0B2EA7}
		{D652E5A8-5B2F-4AE3-A41C-6878D8622EA5} = {1C8D33ED-D773-4838-8C78-B1757D0FD501}
		{7ADD1B93-4B60-4D0A-B14E-63B7B7184E2B} = {1C8D33ED-D773-4838-8C78-B1757D0FD501}
		{01F041C9-5986-4D70-8E74-E3E3A68A43F9} = {BD1941AA-9ECB-4917-AB62-7DBE616B0D26}
		{8B45623E-9228-41FE-8537-FC4FD22B6B94} = {BD1941AA-9ECB-4917-AB62-7DBE616B0D26}
		{3E6AE66B-A1B4-42E2-9A97-76A21C936DC5} = {BD1941AA-9ECB-4917-AB62-7DBE616B0D26}
		{D40915D1-B736-494E-8007-EAE0FE9E2AAA} = {228B166E-1661-4E55-9626-55C780A5DC2C}
		{AFC73F4F-7220-470C-A457-FC8B94BDCDE1} = {228B166E-1661-4E55-9626-55C780A5DC2C}
		{92F5158F-9BF3-402C-925B-64D78BC49124} = {228B166E-1661-4E55-9626-55C780A5DC2C}
		{E4840EB5-8364-43F6-8CF0-A62A29E54BF3} = {02EA681E-C7D8-13C7-8484-4AC65E1B71E8}
		{68DA8430-A6FE-43E9-9615-46514B8CB454} = {10F4B41C-0295-4BC3-8F92-71AA96C620B3}
		{10F4B41C-0295-4BC3-8F92-71AA96C620B3} = {E4840EB5-8364-43F6-8CF0-A62A29E54BF3}
		{9E912EA0-8586-43DD-A229-7F52DEC4B504} = {68DA8430-A6FE-43E9-9615-46514B8CB454}
	EndGlobalSection
	GlobalSection(ExtensibilityGlobals) = postSolution
		SolutionGuid = {18F6D81E-CC41-4B96-A864-9187DB03F686}
	EndGlobalSection
EndGlobal
