
Microsoft Visual Studio Solution File, Format Version 12.00
# Visual Studio Version 17
VisualStudioVersion = 17.13.35806.99
MinimumVisualStudioVersion = 10.0.40219.1
Project("{2150E333-8FDC-42A3-9474-1A3956D46DE8}") = "src", "src", "{02EA681E-C7D8-13C7-8484-4AC65E1B71E8}"
EndProject
Project("{2150E333-8FDC-42A3-9474-1A3956D46DE8}") = "Services", "Services", "{A9890376-72B5-4C5E-9865-703CA70D6192}"
EndProject
Project("{2150E333-8FDC-42A3-9474-1A3956D46DE8}") = "Register", "Register", "{228B166E-1661-4E55-9626-55C780A5DC2C}"
EndProject
Project("{2150E333-8FDC-42A3-9474-1A3956D46DE8}") = "SharedKernel", "SharedKernel", "{FB366E88-638D-4D1A-BBE8-FA55C5C046DB}"
EndProject
Project("{2150E333-8FDC-42A3-9474-1A3956D46DE8}") = "Catalog", "Catalog", "{1C8D33ED-D773-4838-8C78-B1757D0FD501}"
EndProject
Project("{2150E333-8FDC-42A3-9474-1A3956D46DE8}") = "Payments", "Payments", "{8E5C26BA-97D8-4EC8-B462-A2362B0B2EA7}"
EndProject
Project("{2150E333-8FDC-42A3-9474-1A3956D46DE8}") = "Sales", "Sales", "{34392A04-BDFF-4869-998B-BD17E8EA1E23}"
EndProject
Project("{FAE04EC0-301F-11D3-BF4B-00C04F79EFBC}") = "SalesSystem.Catalog.Domain", "src\Services\Catalog\SalesSystem.Catalog.Domain\SalesSystem.Catalog.Domain.csproj", "{50E54503-6D85-41D3-AB77-336BF5990A00}"
EndProject
Project("{FAE04EC0-301F-11D3-BF4B-00C04F79EFBC}") = "SalesSystem.SharedKernel", "src\Services\SharedKernel\SalesSystem.SharedKernel\SalesSystem.SharedKernel.csproj", "{A1B783FC-4066-4911-AA0B-D206535C72E2}"
EndProject
Project("{2150E333-8FDC-42A3-9474-1A3956D46DE8}") = "BuildingBlocks", "BuildingBlocks", "{387F47E5-1497-4AA1-B7B0-625975D8E9F3}"
EndProject
Project("{FAE04EC0-301F-11D3-BF4B-00C04F79EFBC}") = "SalesSystem.EventSourcing", "src\BuildingBlocks\SalesSystem.EventSourcing\SalesSystem.EventSourcing.csproj", "{ABB04FBA-2F49-4AD4-B26D-8C6313B9AE39}"
EndProject
Project("{2150E333-8FDC-42A3-9474-1A3956D46DE8}") = "Web", "Web", "{E88F6BC1-46CB-48B4-A101-02C8211BE4C0}"
EndProject
Project("{FAE04EC0-301F-11D3-BF4B-00C04F79EFBC}") = "SalesSystem.API", "src\Web\SalesSystem.API\SalesSystem.API.csproj", "{37775704-8FA7-45A9-9F9B-2A2DB200C099}"
EndProject
Project("{FAE04EC0-301F-11D3-BF4B-00C04F79EFBC}") = "SalesSystem.Sales.Infrastructure", "src\Services\Sales\SalesSystem.Sales.Infrastructure\SalesSystem.Sales.Infrastructure.csproj", "{9FDDE2FD-C007-45BD-B788-5012E4032B58}"
EndProject
Project("{FAE04EC0-301F-11D3-BF4B-00C04F79EFBC}") = "SalesSystem.Sales.Domain", "src\Services\Sales\SalesSystem.Sales.Domain\SalesSystem.Sales.Domain.csproj", "{394248AE-FCB6-41B0-900F-EBA285264201}"
EndProject
Project("{FAE04EC0-301F-11D3-BF4B-00C04F79EFBC}") = "SalesSystem.Sales.Application", "src\Services\Sales\SalesSystem.Sales.Application\SalesSystem.Sales.Application.csproj", "{215581A8-D5CC-4FDA-81D1-D31171C90C42}"
EndProject
Project("{FAE04EC0-301F-11D3-BF4B-00C04F79EFBC}") = "SalesSystem.Payments.ACL", "src\Services\Payments\SalesSystem.Payments.ACL\SalesSystem.Payments.ACL.csproj", "{ACAD9673-E1E7-4550-B208-3394F1B4215D}"
EndProject
Project("{FAE04EC0-301F-11D3-BF4B-00C04F79EFBC}") = "SalesSystem.Payments.Infrastructure", "src\Services\Payments\SalesSystem.Payments.Infrastructure\SalesSystem.Payments.Infrastructure.csproj", "{AEAFAEC0-F795-4CE2-B9F3-3B78C53673C4}"
EndProject
Project("{FAE04EC0-301F-11D3-BF4B-00C04F79EFBC}") = "SalesSystem.Catalog.Infrastructure", "src\Services\Catalog\SalesSystem.Catalog.Infrastructure\SalesSystem.Catalog.Infrastructure.csproj", "{D652E5A8-5B2F-4AE3-A41C-6878D8622EA5}"
EndProject
Project("{FAE04EC0-301F-11D3-BF4B-00C04F79EFBC}") = "SalesSystem.Catalog.Application", "src\Services\Catalog\SalesSystem.Catalog.Application\SalesSystem.Catalog.Application.csproj", "{7ADD1B93-4B60-4D0A-B14E-63B7B7184E2B}"
EndProject
Project("{2150E333-8FDC-42A3-9474-1A3956D46DE8}") = "Tests", "Tests", "{E4840EB5-8364-43F6-8CF0-A62A29E54BF3}"
EndProject
Project("{2150E333-8FDC-42A3-9474-1A3956D46DE8}") = "UnitTests", "UnitTests", "{10F4B41C-0295-4BC3-8F92-71AA96C620B3}"
EndProject
Project("{FAE04EC0-301F-11D3-BF4B-00C04F79EFBC}") = "SalesSystem.Payments.Domain", "src\Services\Payments\SalesSystem.Payments.Domain\SalesSystem.Payments.Domain.csproj", "{8AED890D-0B82-485E-AD89-0F7926DB6FBF}"
EndProject
Project("{FAE04EC0-301F-11D3-BF4B-00C04F79EFBC}") = "SalesSystem.Payments.Application", "src\Services\Payments\SalesSystem.Payments.Application\SalesSystem.Payments.Application.csproj", "{BEFFDC6A-B981-4412-BD34-F3087DF4ECFE}"
EndProject
Project("{FAE04EC0-301F-11D3-BF4B-00C04F79EFBC}") = "SalesSystem.Email", "src\BuildingBlocks\SalesSystem.Email\SalesSystem.Email.csproj", "{6987B87F-3664-4A02-BBD7-65542894DC2B}"
EndProject
Project("{FAE04EC0-301F-11D3-BF4B-00C04F79EFBC}") = "Catalog.UnitTests", "tests\UnitTests\Catalog.UnitTests\Catalog.UnitTests.csproj", "{5828FF26-BC18-4E1C-80CB-2817BAC4D6DF}"
EndProject
Project("{FAE04EC0-301F-11D3-BF4B-00C04F79EFBC}") = "Sales.UnitTests", "tests\UnitTests\Sales.UnitTests\Sales.UnitTests.csproj", "{2E89EFCA-808F-4B81-BFAA-E2369106D725}"
EndProject
Project("{FAE04EC0-301F-11D3-BF4B-00C04F79EFBC}") = "Payments.UnitTests", "tests\UnitTests\Payments.UnitTests\Payments.UnitTests.csproj", "{5B8DE46E-3BF9-4127-A90F-30B2392AAE90}"
EndProject
Project("{2150E333-8FDC-42A3-9474-1A3956D46DE8}") = "IntegrationTests", "IntegrationTests", "{FBB894E3-3412-4ED9-9938-70213727D287}"
EndProject
Project("{FAE04EC0-301F-11D3-BF4B-00C04F79EFBC}") = "Sales.IntegrationTests", "tests\IntegrationTests\Sales.IntegrationTests\Sales.IntegrationTests.csproj", "{467AE3C6-6469-47C1-AA36-3D201A04E2E4}"
EndProject
Project("{FAE04EC0-301F-11D3-BF4B-00C04F79EFBC}") = "Payments.IntegrationTests", "tests\IntegrationTests\Payments.IntegrationTests\Payments.IntegrationTests.csproj", "{D9476B7B-7FD4-4918-8A21-19002AFA3519}"
EndProject
Project("{FAE04EC0-301F-11D3-BF4B-00C04F79EFBC}") = "Catalog.IntegrationTests", "tests\IntegrationTests\Catalog.IntegrationTests\Catalog.IntegrationTests.csproj", "{3C3BD124-E95B-44BB-B95E-4480723E485E}"
EndProject
Project("{FAE04EC0-301F-11D3-BF4B-00C04F79EFBC}") = "SalesSystem.Registers.Application", "src\Services\Registers\SalesSystem.Registers.Application\SalesSystem.Registers.Application.csproj", "{E8D1E9C0-9B7B-296E-C5DB-EC1718C4A598}"
EndProject
Project("{FAE04EC0-301F-11D3-BF4B-00C04F79EFBC}") = "SalesSystem.Registers.Domain", "src\Services\Registers\SalesSystem.Registers.Domain\SalesSystem.Registers.Domain.csproj", "{0730B09C-5FD3-B974-4CB1-927749916DB7}"
EndProject
Project("{FAE04EC0-301F-11D3-BF4B-00C04F79EFBC}") = "SalesSystem.Registers.Infrastructure", "src\Services\Registers\SalesSystem.Registers.Infrastructure\SalesSystem.Registers.Infrastructure.csproj", "{973AD745-9B04-FA5C-0637-E411CD020E30}"
EndProject
Project("{FAE04EC0-301F-11D3-BF4B-00C04F79EFBC}") = "Registers.IntegrationTests", "tests\IntegrationTests\Registers.IntegrationTests\Registers.IntegrationTests.csproj", "{55B1795A-A29C-32DD-3B77-E6660F824DCE}"
EndProject
Project("{FAE04EC0-301F-11D3-BF4B-00C04F79EFBC}") = "Registers.UnitTests", "tests\UnitTests\Registers.UnitTests\Registers.UnitTests.csproj", "{40CC1E38-D556-91A9-F0D3-01751CF47566}"
EndProject
Global
	GlobalSection(SolutionConfigurationPlatforms) = preSolution
		Debug|Any CPU = Debug|Any CPU
		Release|Any CPU = Release|Any CPU
	EndGlobalSection
	GlobalSection(ProjectConfigurationPlatforms) = postSolution
		{50E54503-6D85-41D3-AB77-336BF5990A00}.Debug|Any CPU.ActiveCfg = Debug|Any CPU
		{50E54503-6D85-41D3-AB77-336BF5990A00}.Debug|Any CPU.Build.0 = Debug|Any CPU
		{50E54503-6D85-41D3-AB77-336BF5990A00}.Release|Any CPU.ActiveCfg = Release|Any CPU
		{50E54503-6D85-41D3-AB77-336BF5990A00}.Release|Any CPU.Build.0 = Release|Any CPU
		{A1B783FC-4066-4911-AA0B-D206535C72E2}.Debug|Any CPU.ActiveCfg = Debug|Any CPU
		{A1B783FC-4066-4911-AA0B-D206535C72E2}.Debug|Any CPU.Build.0 = Debug|Any CPU
		{A1B783FC-4066-4911-AA0B-D206535C72E2}.Release|Any CPU.ActiveCfg = Release|Any CPU
		{A1B783FC-4066-4911-AA0B-D206535C72E2}.Release|Any CPU.Build.0 = Release|Any CPU
		{ABB04FBA-2F49-4AD4-B26D-8C6313B9AE39}.Debug|Any CPU.ActiveCfg = Debug|Any CPU
		{ABB04FBA-2F49-4AD4-B26D-8C6313B9AE39}.Debug|Any CPU.Build.0 = Debug|Any CPU
		{ABB04FBA-2F49-4AD4-B26D-8C6313B9AE39}.Release|Any CPU.ActiveCfg = Release|Any CPU
		{ABB04FBA-2F49-4AD4-B26D-8C6313B9AE39}.Release|Any CPU.Build.0 = Release|Any CPU
		{37775704-8FA7-45A9-9F9B-2A2DB200C099}.Debug|Any CPU.ActiveCfg = Debug|Any CPU
		{37775704-8FA7-45A9-9F9B-2A2DB200C099}.Debug|Any CPU.Build.0 = Debug|Any CPU
		{37775704-8FA7-45A9-9F9B-2A2DB200C099}.Release|Any CPU.ActiveCfg = Release|Any CPU
		{37775704-8FA7-45A9-9F9B-2A2DB200C099}.Release|Any CPU.Build.0 = Release|Any CPU
		{9FDDE2FD-C007-45BD-B788-5012E4032B58}.Debug|Any CPU.ActiveCfg = Debug|Any CPU
		{9FDDE2FD-C007-45BD-B788-5012E4032B58}.Debug|Any CPU.Build.0 = Debug|Any CPU
		{9FDDE2FD-C007-45BD-B788-5012E4032B58}.Release|Any CPU.ActiveCfg = Release|Any CPU
		{9FDDE2FD-C007-45BD-B788-5012E4032B58}.Release|Any CPU.Build.0 = Release|Any CPU
		{394248AE-FCB6-41B0-900F-EBA285264201}.Debug|Any CPU.ActiveCfg = Debug|Any CPU
		{394248AE-FCB6-41B0-900F-EBA285264201}.Debug|Any CPU.Build.0 = Debug|Any CPU
		{394248AE-FCB6-41B0-900F-EBA285264201}.Release|Any CPU.ActiveCfg = Release|Any CPU
		{394248AE-FCB6-41B0-900F-EBA285264201}.Release|Any CPU.Build.0 = Release|Any CPU
		{215581A8-D5CC-4FDA-81D1-D31171C90C42}.Debug|Any CPU.ActiveCfg = Debug|Any CPU
		{215581A8-D5CC-4FDA-81D1-D31171C90C42}.Debug|Any CPU.Build.0 = Debug|Any CPU
		{215581A8-D5CC-4FDA-81D1-D31171C90C42}.Release|Any CPU.ActiveCfg = Release|Any CPU
		{215581A8-D5CC-4FDA-81D1-D31171C90C42}.Release|Any CPU.Build.0 = Release|Any CPU
		{ACAD9673-E1E7-4550-B208-3394F1B4215D}.Debug|Any CPU.ActiveCfg = Debug|Any CPU
		{ACAD9673-E1E7-4550-B208-3394F1B4215D}.Debug|Any CPU.Build.0 = Debug|Any CPU
		{ACAD9673-E1E7-4550-B208-3394F1B4215D}.Release|Any CPU.ActiveCfg = Release|Any CPU
		{ACAD9673-E1E7-4550-B208-3394F1B4215D}.Release|Any CPU.Build.0 = Release|Any CPU
		{AEAFAEC0-F795-4CE2-B9F3-3B78C53673C4}.Debug|Any CPU.ActiveCfg = Debug|Any CPU
		{AEAFAEC0-F795-4CE2-B9F3-3B78C53673C4}.Debug|Any CPU.Build.0 = Debug|Any CPU
		{AEAFAEC0-F795-4CE2-B9F3-3B78C53673C4}.Release|Any CPU.ActiveCfg = Release|Any CPU
		{AEAFAEC0-F795-4CE2-B9F3-3B78C53673C4}.Release|Any CPU.Build.0 = Release|Any CPU
		{D652E5A8-5B2F-4AE3-A41C-6878D8622EA5}.Debug|Any CPU.ActiveCfg = Debug|Any CPU
		{D652E5A8-5B2F-4AE3-A41C-6878D8622EA5}.Debug|Any CPU.Build.0 = Debug|Any CPU
		{D652E5A8-5B2F-4AE3-A41C-6878D8622EA5}.Release|Any CPU.ActiveCfg = Release|Any CPU
		{D652E5A8-5B2F-4AE3-A41C-6878D8622EA5}.Release|Any CPU.Build.0 = Release|Any CPU
		{7ADD1B93-4B60-4D0A-B14E-63B7B7184E2B}.Debug|Any CPU.ActiveCfg = Debug|Any CPU
		{7ADD1B93-4B60-4D0A-B14E-63B7B7184E2B}.Debug|Any CPU.Build.0 = Debug|Any CPU
		{7ADD1B93-4B60-4D0A-B14E-63B7B7184E2B}.Release|Any CPU.ActiveCfg = Release|Any CPU
		{7ADD1B93-4B60-4D0A-B14E-63B7B7184E2B}.Release|Any CPU.Build.0 = Release|Any CPU
		{8AED890D-0B82-485E-AD89-0F7926DB6FBF}.Debug|Any CPU.ActiveCfg = Debug|Any CPU
		{8AED890D-0B82-485E-AD89-0F7926DB6FBF}.Debug|Any CPU.Build.0 = Debug|Any CPU
		{8AED890D-0B82-485E-AD89-0F7926DB6FBF}.Release|Any CPU.ActiveCfg = Release|Any CPU
		{8AED890D-0B82-485E-AD89-0F7926DB6FBF}.Release|Any CPU.Build.0 = Release|Any CPU
		{BEFFDC6A-B981-4412-BD34-F3087DF4ECFE}.Debug|Any CPU.ActiveCfg = Debug|Any CPU
		{BEFFDC6A-B981-4412-BD34-F3087DF4ECFE}.Debug|Any CPU.Build.0 = Debug|Any CPU
		{BEFFDC6A-B981-4412-BD34-F3087DF4ECFE}.Release|Any CPU.ActiveCfg = Release|Any CPU
		{BEFFDC6A-B981-4412-BD34-F3087DF4ECFE}.Release|Any CPU.Build.0 = Release|Any CPU
		{6987B87F-3664-4A02-BBD7-65542894DC2B}.Debug|Any CPU.ActiveCfg = Debug|Any CPU
		{6987B87F-3664-4A02-BBD7-65542894DC2B}.Debug|Any CPU.Build.0 = Debug|Any CPU
		{6987B87F-3664-4A02-BBD7-65542894DC2B}.Release|Any CPU.ActiveCfg = Release|Any CPU
		{6987B87F-3664-4A02-BBD7-65542894DC2B}.Release|Any CPU.Build.0 = Release|Any CPU
		{5828FF26-BC18-4E1C-80CB-2817BAC4D6DF}.Debug|Any CPU.ActiveCfg = Debug|Any CPU
		{5828FF26-BC18-4E1C-80CB-2817BAC4D6DF}.Debug|Any CPU.Build.0 = Debug|Any CPU
		{5828FF26-BC18-4E1C-80CB-2817BAC4D6DF}.Release|Any CPU.ActiveCfg = Release|Any CPU
		{5828FF26-BC18-4E1C-80CB-2817BAC4D6DF}.Release|Any CPU.Build.0 = Release|Any CPU
		{2E89EFCA-808F-4B81-BFAA-E2369106D725}.Debug|Any CPU.ActiveCfg = Debug|Any CPU
		{2E89EFCA-808F-4B81-BFAA-E2369106D725}.Debug|Any CPU.Build.0 = Debug|Any CPU
		{2E89EFCA-808F-4B81-BFAA-E2369106D725}.Release|Any CPU.ActiveCfg = Release|Any CPU
		{2E89EFCA-808F-4B81-BFAA-E2369106D725}.Release|Any CPU.Build.0 = Release|Any CPU
		{5B8DE46E-3BF9-4127-A90F-30B2392AAE90}.Debug|Any CPU.ActiveCfg = Debug|Any CPU
		{5B8DE46E-3BF9-4127-A90F-30B2392AAE90}.Debug|Any CPU.Build.0 = Debug|Any CPU
		{5B8DE46E-3BF9-4127-A90F-30B2392AAE90}.Release|Any CPU.ActiveCfg = Release|Any CPU
		{5B8DE46E-3BF9-4127-A90F-30B2392AAE90}.Release|Any CPU.Build.0 = Release|Any CPU
		{467AE3C6-6469-47C1-AA36-3D201A04E2E4}.Debug|Any CPU.ActiveCfg = Debug|Any CPU
		{467AE3C6-6469-47C1-AA36-3D201A04E2E4}.Debug|Any CPU.Build.0 = Debug|Any CPU
		{467AE3C6-6469-47C1-AA36-3D201A04E2E4}.Release|Any CPU.ActiveCfg = Release|Any CPU
		{467AE3C6-6469-47C1-AA36-3D201A04E2E4}.Release|Any CPU.Build.0 = Release|Any CPU
		{D9476B7B-7FD4-4918-8A21-19002AFA3519}.Debug|Any CPU.ActiveCfg = Debug|Any CPU
		{D9476B7B-7FD4-4918-8A21-19002AFA3519}.Debug|Any CPU.Build.0 = Debug|Any CPU
		{D9476B7B-7FD4-4918-8A21-19002AFA3519}.Release|Any CPU.ActiveCfg = Release|Any CPU
		{D9476B7B-7FD4-4918-8A21-19002AFA3519}.Release|Any CPU.Build.0 = Release|Any CPU
		{3C3BD124-E95B-44BB-B95E-4480723E485E}.Debug|Any CPU.ActiveCfg = Debug|Any CPU
		{3C3BD124-E95B-44BB-B95E-4480723E485E}.Debug|Any CPU.Build.0 = Debug|Any CPU
		{3C3BD124-E95B-44BB-B95E-4480723E485E}.Release|Any CPU.ActiveCfg = Release|Any CPU
		{3C3BD124-E95B-44BB-B95E-4480723E485E}.Release|Any CPU.Build.0 = Release|Any CPU
		{E8D1E9C0-9B7B-296E-C5DB-EC1718C4A598}.Debug|Any CPU.ActiveCfg = Debug|Any CPU
		{E8D1E9C0-9B7B-296E-C5DB-EC1718C4A598}.Debug|Any CPU.Build.0 = Debug|Any CPU
		{E8D1E9C0-9B7B-296E-C5DB-EC1718C4A598}.Release|Any CPU.ActiveCfg = Release|Any CPU
		{E8D1E9C0-9B7B-296E-C5DB-EC1718C4A598}.Release|Any CPU.Build.0 = Release|Any CPU
		{0730B09C-5FD3-B974-4CB1-927749916DB7}.Debug|Any CPU.ActiveCfg = Debug|Any CPU
		{0730B09C-5FD3-B974-4CB1-927749916DB7}.Debug|Any CPU.Build.0 = Debug|Any CPU
		{0730B09C-5FD3-B974-4CB1-927749916DB7}.Release|Any CPU.ActiveCfg = Release|Any CPU
		{0730B09C-5FD3-B974-4CB1-927749916DB7}.Release|Any CPU.Build.0 = Release|Any CPU
		{973AD745-9B04-FA5C-0637-E411CD020E30}.Debug|Any CPU.ActiveCfg = Debug|Any CPU
		{973AD745-9B04-FA5C-0637-E411CD020E30}.Debug|Any CPU.Build.0 = Debug|Any CPU
		{973AD745-9B04-FA5C-0637-E411CD020E30}.Release|Any CPU.ActiveCfg = Release|Any CPU
		{973AD745-9B04-FA5C-0637-E411CD020E30}.Release|Any CPU.Build.0 = Release|Any CPU
		{55B1795A-A29C-32DD-3B77-E6660F824DCE}.Debug|Any CPU.ActiveCfg = Debug|Any CPU
		{55B1795A-A29C-32DD-3B77-E6660F824DCE}.Debug|Any CPU.Build.0 = Debug|Any CPU
		{55B1795A-A29C-32DD-3B77-E6660F824DCE}.Release|Any CPU.ActiveCfg = Release|Any CPU
		{55B1795A-A29C-32DD-3B77-E6660F824DCE}.Release|Any CPU.Build.0 = Release|Any CPU
		{40CC1E38-D556-91A9-F0D3-01751CF47566}.Debug|Any CPU.ActiveCfg = Debug|Any CPU
		{40CC1E38-D556-91A9-F0D3-01751CF47566}.Debug|Any CPU.Build.0 = Debug|Any CPU
		{40CC1E38-D556-91A9-F0D3-01751CF47566}.Release|Any CPU.ActiveCfg = Release|Any CPU
		{40CC1E38-D556-91A9-F0D3-01751CF47566}.Release|Any CPU.Build.0 = Release|Any CPU
	EndGlobalSection
	GlobalSection(SolutionProperties) = preSolution
		HideSolutionNode = FALSE
	EndGlobalSection
	GlobalSection(NestedProjects) = preSolution
		{A9890376-72B5-4C5E-9865-703CA70D6192} = {02EA681E-C7D8-13C7-8484-4AC65E1B71E8}
		{228B166E-1661-4E55-9626-55C780A5DC2C} = {A9890376-72B5-4C5E-9865-703CA70D6192}
		{FB366E88-638D-4D1A-BBE8-FA55C5C046DB} = {A9890376-72B5-4C5E-9865-703CA70D6192}
		{1C8D33ED-D773-4838-8C78-B1757D0FD501} = {A9890376-72B5-4C5E-9865-703CA70D6192}
		{8E5C26BA-97D8-4EC8-B462-A2362B0B2EA7} = {A9890376-72B5-4C5E-9865-703CA70D6192}
		{34392A04-BDFF-4869-998B-BD17E8EA1E23} = {A9890376-72B5-4C5E-9865-703CA70D6192}
		{50E54503-6D85-41D3-AB77-336BF5990A00} = {1C8D33ED-D773-4838-8C78-B1757D0FD501}
		{A1B783FC-4066-4911-AA0B-D206535C72E2} = {FB366E88-638D-4D1A-BBE8-FA55C5C046DB}
		{387F47E5-1497-4AA1-B7B0-625975D8E9F3} = {02EA681E-C7D8-13C7-8484-4AC65E1B71E8}
		{ABB04FBA-2F49-4AD4-B26D-8C6313B9AE39} = {387F47E5-1497-4AA1-B7B0-625975D8E9F3}
		{E88F6BC1-46CB-48B4-A101-02C8211BE4C0} = {02EA681E-C7D8-13C7-8484-4AC65E1B71E8}
		{37775704-8FA7-45A9-9F9B-2A2DB200C099} = {E88F6BC1-46CB-48B4-A101-02C8211BE4C0}
		{9FDDE2FD-C007-45BD-B788-5012E4032B58} = {34392A04-BDFF-4869-998B-BD17E8EA1E23}
		{394248AE-FCB6-41B0-900F-EBA285264201} = {34392A04-BDFF-4869-998B-BD17E8EA1E23}
		{215581A8-D5CC-4FDA-81D1-D31171C90C42} = {34392A04-BDFF-4869-998B-BD17E8EA1E23}
		{ACAD9673-E1E7-4550-B208-3394F1B4215D} = {8E5C26BA-97D8-4EC8-B462-A2362B0B2EA7}
		{AEAFAEC0-F795-4CE2-B9F3-3B78C53673C4} = {8E5C26BA-97D8-4EC8-B462-A2362B0B2EA7}
		{D652E5A8-5B2F-4AE3-A41C-6878D8622EA5} = {1C8D33ED-D773-4838-8C78-B1757D0FD501}
		{7ADD1B93-4B60-4D0A-B14E-63B7B7184E2B} = {1C8D33ED-D773-4838-8C78-B1757D0FD501}
		{E4840EB5-8364-43F6-8CF0-A62A29E54BF3} = {02EA681E-C7D8-13C7-8484-4AC65E1B71E8}
		{10F4B41C-0295-4BC3-8F92-71AA96C620B3} = {E4840EB5-8364-43F6-8CF0-A62A29E54BF3}
		{8AED890D-0B82-485E-AD89-0F7926DB6FBF} = {8E5C26BA-97D8-4EC8-B462-A2362B0B2EA7}
		{BEFFDC6A-B981-4412-BD34-F3087DF4ECFE} = {8E5C26BA-97D8-4EC8-B462-A2362B0B2EA7}
		{6987B87F-3664-4A02-BBD7-65542894DC2B} = {387F47E5-1497-4AA1-B7B0-625975D8E9F3}
		{5828FF26-BC18-4E1C-80CB-2817BAC4D6DF} = {10F4B41C-0295-4BC3-8F92-71AA96C620B3}
		{2E89EFCA-808F-4B81-BFAA-E2369106D725} = {10F4B41C-0295-4BC3-8F92-71AA96C620B3}
		{5B8DE46E-3BF9-4127-A90F-30B2392AAE90} = {10F4B41C-0295-4BC3-8F92-71AA96C620B3}
		{FBB894E3-3412-4ED9-9938-70213727D287} = {E4840EB5-8364-43F6-8CF0-A62A29E54BF3}
		{467AE3C6-6469-47C1-AA36-3D201A04E2E4} = {FBB894E3-3412-4ED9-9938-70213727D287}
		{D9476B7B-7FD4-4918-8A21-19002AFA3519} = {FBB894E3-3412-4ED9-9938-70213727D287}
		{3C3BD124-E95B-44BB-B95E-4480723E485E} = {FBB894E3-3412-4ED9-9938-70213727D287}
		{E8D1E9C0-9B7B-296E-C5DB-EC1718C4A598} = {228B166E-1661-4E55-9626-55C780A5DC2C}
		{0730B09C-5FD3-B974-4CB1-927749916DB7} = {228B166E-1661-4E55-9626-55C780A5DC2C}
		{973AD745-9B04-FA5C-0637-E411CD020E30} = {228B166E-1661-4E55-9626-55C780A5DC2C}
		{55B1795A-A29C-32DD-3B77-E6660F824DCE} = {FBB894E3-3412-4ED9-9938-70213727D287}
		{40CC1E38-D556-91A9-F0D3-01751CF47566} = {10F4B41C-0295-4BC3-8F92-71AA96C620B3}
	EndGlobalSection
	GlobalSection(ExtensibilityGlobals) = postSolution
		SolutionGuid = {18F6D81E-CC41-4B96-A864-9187DB03F686}
	EndGlobalSection
EndGlobal
